
Microsoft Visual Studio Solution File, Format Version 12.00
# Visual Studio 15
VisualStudioVersion = 15.0.28307.421
MinimumVisualStudioVersion = 10.0.40219.1
Project("{FAE04EC0-301F-11D3-BF4B-00C04F79EFBC}") = "ComponentApp.Android", "ComponentApp\ComponentApp.Android\ComponentApp.Android.csproj", "{066A71F3-FD1B-4AF9-8758-3FA796B5E829}"
EndProject
Project("{FAE04EC0-301F-11D3-BF4B-00C04F79EFBC}") = "ComponentApp.iOS", "ComponentApp\ComponentApp.iOS\ComponentApp.iOS.csproj", "{669195D3-FE2A-44BC-820C-0F618A06AB55}"
EndProject
Project("{9A19103F-16F7-4668-BE54-9A1E7A4F7556}") = "ComponentApp", "ComponentApp\ComponentApp\ComponentApp.csproj", "{5E122812-A80B-47A9-B1BC-79BB39E17238}"
EndProject
Project("{2150E333-8FDC-42A3-9474-1A3956D46DE8}") = "MainApp", "MainApp", "{15EA34C3-9C85-4FBD-A7EE-962B1A017963}"
EndProject
Project("{2150E333-8FDC-42A3-9474-1A3956D46DE8}") = "CommonCode", "CommonCode", "{C27369E7-3C1B-417E-A6CE-5F98346B922E}"
EndProject
Project("{2150E333-8FDC-42A3-9474-1A3956D46DE8}") = "SubModules", "SubModules", "{73DE1071-751A-4FF1-803B-BB75A8E73BBE}"
EndProject
Project("{9A19103F-16F7-4668-BE54-9A1E7A4F7556}") = "ComponentApp.SharedInterface", "ComponentApp.SharedInterface\ComponentApp.SharedInterface.csproj", "{9C9FD711-29FB-4F65-A151-A294F94C887E}"
EndProject
Project("{9A19103F-16F7-4668-BE54-9A1E7A4F7556}") = "ComponentApp.Services", "ComponentApp.Services\ComponentApp.Services.csproj", "{9E2853DA-F510-424F-B97D-60BEBD219945}"
EndProject
Project("{2150E333-8FDC-42A3-9474-1A3956D46DE8}") = "Module1", "Module1", "{10A9C4B8-E98D-4B7A-AAB4-E30A41742770}"
EndProject
Project("{2150E333-8FDC-42A3-9474-1A3956D46DE8}") = "TestApp", "TestApp", "{3F3425C6-2313-4070-84D2-663FD1B779BE}"
EndProject
Project("{FAE04EC0-301F-11D3-BF4B-00C04F79EFBC}") = "Module1.AndroidTestApp", "Module1\Module1.AndroidTestApp\Module1.AndroidTestApp.csproj", "{B98ACCCE-23AA-476B-B435-77C2B9D551AB}"
EndProject
Project("{9A19103F-16F7-4668-BE54-9A1E7A4F7556}") = "Module1", "Module1\Module1\Module1.csproj", "{D7BED1F7-B80C-42A6-AB26-D5F9EA201290}"
EndProject
Project("{FAE04EC0-301F-11D3-BF4B-00C04F79EFBC}") = "Module1.Android", "Module1\Module1.Android\Module1.Android.csproj", "{1B023FFF-45A1-4BF7-AC21-C2407C05E42A}"
EndProject
Project("{FAE04EC0-301F-11D3-BF4B-00C04F79EFBC}") = "Module1.iOSTestApp", "Module1\Module1.iOSTestAp\Module1.iOSTestApp.csproj", "{C87A1A8E-D127-47C3-8FE7-6B22A97DA1A1}"
EndProject
Project("{9A19103F-16F7-4668-BE54-9A1E7A4F7556}") = "Module1.TestApp", "Module1\Module1.TestApp\Module1.TestApp.csproj", "{3084BAAF-D7B8-43C7-AEA9-63C60691EA78}"
EndProject
Project("{FAE04EC0-301F-11D3-BF4B-00C04F79EFBC}") = "Module1.iOS", "Module1\Module1.iOS\Module1.iOS.csproj", "{E71F3053-056C-4381-9638-048ED73BDFF6}"
EndProject
Global
	GlobalSection(SolutionConfigurationPlatforms) = preSolution
		Ad-Hoc|Any CPU = Ad-Hoc|Any CPU
		Ad-Hoc|iPhone = Ad-Hoc|iPhone
		Ad-Hoc|iPhoneSimulator = Ad-Hoc|iPhoneSimulator
		AppStore|Any CPU = AppStore|Any CPU
		AppStore|iPhone = AppStore|iPhone
		AppStore|iPhoneSimulator = AppStore|iPhoneSimulator
		Debug|Any CPU = Debug|Any CPU
		Debug|iPhone = Debug|iPhone
		Debug|iPhoneSimulator = Debug|iPhoneSimulator
		Release|Any CPU = Release|Any CPU
		Release|iPhone = Release|iPhone
		Release|iPhoneSimulator = Release|iPhoneSimulator
	EndGlobalSection
	GlobalSection(ProjectConfigurationPlatforms) = postSolution
		{066A71F3-FD1B-4AF9-8758-3FA796B5E829}.Ad-Hoc|Any CPU.ActiveCfg = Release|Any CPU
		{066A71F3-FD1B-4AF9-8758-3FA796B5E829}.Ad-Hoc|Any CPU.Build.0 = Release|Any CPU
		{066A71F3-FD1B-4AF9-8758-3FA796B5E829}.Ad-Hoc|Any CPU.Deploy.0 = Release|Any CPU
		{066A71F3-FD1B-4AF9-8758-3FA796B5E829}.Ad-Hoc|iPhone.ActiveCfg = Release|Any CPU
		{066A71F3-FD1B-4AF9-8758-3FA796B5E829}.Ad-Hoc|iPhone.Build.0 = Release|Any CPU
		{066A71F3-FD1B-4AF9-8758-3FA796B5E829}.Ad-Hoc|iPhone.Deploy.0 = Release|Any CPU
		{066A71F3-FD1B-4AF9-8758-3FA796B5E829}.Ad-Hoc|iPhoneSimulator.ActiveCfg = Release|Any CPU
		{066A71F3-FD1B-4AF9-8758-3FA796B5E829}.Ad-Hoc|iPhoneSimulator.Build.0 = Release|Any CPU
		{066A71F3-FD1B-4AF9-8758-3FA796B5E829}.Ad-Hoc|iPhoneSimulator.Deploy.0 = Release|Any CPU
		{066A71F3-FD1B-4AF9-8758-3FA796B5E829}.AppStore|Any CPU.ActiveCfg = Release|Any CPU
		{066A71F3-FD1B-4AF9-8758-3FA796B5E829}.AppStore|Any CPU.Build.0 = Release|Any CPU
		{066A71F3-FD1B-4AF9-8758-3FA796B5E829}.AppStore|Any CPU.Deploy.0 = Release|Any CPU
		{066A71F3-FD1B-4AF9-8758-3FA796B5E829}.AppStore|iPhone.ActiveCfg = Release|Any CPU
		{066A71F3-FD1B-4AF9-8758-3FA796B5E829}.AppStore|iPhone.Build.0 = Release|Any CPU
		{066A71F3-FD1B-4AF9-8758-3FA796B5E829}.AppStore|iPhone.Deploy.0 = Release|Any CPU
		{066A71F3-FD1B-4AF9-8758-3FA796B5E829}.AppStore|iPhoneSimulator.ActiveCfg = Release|Any CPU
		{066A71F3-FD1B-4AF9-8758-3FA796B5E829}.AppStore|iPhoneSimulator.Build.0 = Release|Any CPU
		{066A71F3-FD1B-4AF9-8758-3FA796B5E829}.AppStore|iPhoneSimulator.Deploy.0 = Release|Any CPU
		{066A71F3-FD1B-4AF9-8758-3FA796B5E829}.Debug|Any CPU.ActiveCfg = Debug|Any CPU
		{066A71F3-FD1B-4AF9-8758-3FA796B5E829}.Debug|Any CPU.Build.0 = Debug|Any CPU
		{066A71F3-FD1B-4AF9-8758-3FA796B5E829}.Debug|Any CPU.Deploy.0 = Debug|Any CPU
		{066A71F3-FD1B-4AF9-8758-3FA796B5E829}.Debug|iPhone.ActiveCfg = Debug|Any CPU
		{066A71F3-FD1B-4AF9-8758-3FA796B5E829}.Debug|iPhone.Build.0 = Debug|Any CPU
		{066A71F3-FD1B-4AF9-8758-3FA796B5E829}.Debug|iPhone.Deploy.0 = Debug|Any CPU
		{066A71F3-FD1B-4AF9-8758-3FA796B5E829}.Debug|iPhoneSimulator.ActiveCfg = Debug|Any CPU
		{066A71F3-FD1B-4AF9-8758-3FA796B5E829}.Debug|iPhoneSimulator.Build.0 = Debug|Any CPU
		{066A71F3-FD1B-4AF9-8758-3FA796B5E829}.Debug|iPhoneSimulator.Deploy.0 = Debug|Any CPU
		{066A71F3-FD1B-4AF9-8758-3FA796B5E829}.Release|Any CPU.ActiveCfg = Release|Any CPU
		{066A71F3-FD1B-4AF9-8758-3FA796B5E829}.Release|Any CPU.Build.0 = Release|Any CPU
		{066A71F3-FD1B-4AF9-8758-3FA796B5E829}.Release|Any CPU.Deploy.0 = Release|Any CPU
		{066A71F3-FD1B-4AF9-8758-3FA796B5E829}.Release|iPhone.ActiveCfg = Release|Any CPU
		{066A71F3-FD1B-4AF9-8758-3FA796B5E829}.Release|iPhone.Build.0 = Release|Any CPU
		{066A71F3-FD1B-4AF9-8758-3FA796B5E829}.Release|iPhone.Deploy.0 = Release|Any CPU
		{066A71F3-FD1B-4AF9-8758-3FA796B5E829}.Release|iPhoneSimulator.ActiveCfg = Release|Any CPU
		{066A71F3-FD1B-4AF9-8758-3FA796B5E829}.Release|iPhoneSimulator.Build.0 = Release|Any CPU
		{066A71F3-FD1B-4AF9-8758-3FA796B5E829}.Release|iPhoneSimulator.Deploy.0 = Release|Any CPU
		{669195D3-FE2A-44BC-820C-0F618A06AB55}.Ad-Hoc|Any CPU.ActiveCfg = Ad-Hoc|iPhone
		{669195D3-FE2A-44BC-820C-0F618A06AB55}.Ad-Hoc|Any CPU.Build.0 = Ad-Hoc|iPhone
		{669195D3-FE2A-44BC-820C-0F618A06AB55}.Ad-Hoc|Any CPU.Deploy.0 = Ad-Hoc|iPhone
		{669195D3-FE2A-44BC-820C-0F618A06AB55}.Ad-Hoc|iPhone.ActiveCfg = Ad-Hoc|iPhone
		{669195D3-FE2A-44BC-820C-0F618A06AB55}.Ad-Hoc|iPhone.Build.0 = Ad-Hoc|iPhone
		{669195D3-FE2A-44BC-820C-0F618A06AB55}.Ad-Hoc|iPhone.Deploy.0 = Ad-Hoc|iPhone
		{669195D3-FE2A-44BC-820C-0F618A06AB55}.Ad-Hoc|iPhoneSimulator.ActiveCfg = Ad-Hoc|iPhoneSimulator
		{669195D3-FE2A-44BC-820C-0F618A06AB55}.Ad-Hoc|iPhoneSimulator.Build.0 = Ad-Hoc|iPhoneSimulator
		{669195D3-FE2A-44BC-820C-0F618A06AB55}.Ad-Hoc|iPhoneSimulator.Deploy.0 = Ad-Hoc|iPhoneSimulator
		{669195D3-FE2A-44BC-820C-0F618A06AB55}.AppStore|Any CPU.ActiveCfg = AppStore|iPhone
		{669195D3-FE2A-44BC-820C-0F618A06AB55}.AppStore|Any CPU.Build.0 = AppStore|iPhone
		{669195D3-FE2A-44BC-820C-0F618A06AB55}.AppStore|Any CPU.Deploy.0 = AppStore|iPhone
		{669195D3-FE2A-44BC-820C-0F618A06AB55}.AppStore|iPhone.ActiveCfg = AppStore|iPhone
		{669195D3-FE2A-44BC-820C-0F618A06AB55}.AppStore|iPhone.Build.0 = AppStore|iPhone
		{669195D3-FE2A-44BC-820C-0F618A06AB55}.AppStore|iPhone.Deploy.0 = AppStore|iPhone
		{669195D3-FE2A-44BC-820C-0F618A06AB55}.AppStore|iPhoneSimulator.ActiveCfg = AppStore|iPhoneSimulator
		{669195D3-FE2A-44BC-820C-0F618A06AB55}.AppStore|iPhoneSimulator.Build.0 = AppStore|iPhoneSimulator
		{669195D3-FE2A-44BC-820C-0F618A06AB55}.AppStore|iPhoneSimulator.Deploy.0 = AppStore|iPhoneSimulator
		{669195D3-FE2A-44BC-820C-0F618A06AB55}.Debug|Any CPU.ActiveCfg = Debug|iPhoneSimulator
		{669195D3-FE2A-44BC-820C-0F618A06AB55}.Debug|Any CPU.Build.0 = Debug|iPhoneSimulator
		{669195D3-FE2A-44BC-820C-0F618A06AB55}.Debug|Any CPU.Deploy.0 = Debug|iPhoneSimulator
		{669195D3-FE2A-44BC-820C-0F618A06AB55}.Debug|iPhone.ActiveCfg = Debug|iPhone
		{669195D3-FE2A-44BC-820C-0F618A06AB55}.Debug|iPhone.Build.0 = Debug|iPhone
		{669195D3-FE2A-44BC-820C-0F618A06AB55}.Debug|iPhone.Deploy.0 = Debug|iPhone
		{669195D3-FE2A-44BC-820C-0F618A06AB55}.Debug|iPhoneSimulator.ActiveCfg = Debug|iPhoneSimulator
		{669195D3-FE2A-44BC-820C-0F618A06AB55}.Debug|iPhoneSimulator.Build.0 = Debug|iPhoneSimulator
		{669195D3-FE2A-44BC-820C-0F618A06AB55}.Debug|iPhoneSimulator.Deploy.0 = Debug|iPhoneSimulator
		{669195D3-FE2A-44BC-820C-0F618A06AB55}.Release|Any CPU.ActiveCfg = Release|iPhone
		{669195D3-FE2A-44BC-820C-0F618A06AB55}.Release|Any CPU.Build.0 = Release|iPhone
		{669195D3-FE2A-44BC-820C-0F618A06AB55}.Release|Any CPU.Deploy.0 = Release|iPhone
		{669195D3-FE2A-44BC-820C-0F618A06AB55}.Release|iPhone.ActiveCfg = Release|iPhone
		{669195D3-FE2A-44BC-820C-0F618A06AB55}.Release|iPhone.Build.0 = Release|iPhone
		{669195D3-FE2A-44BC-820C-0F618A06AB55}.Release|iPhone.Deploy.0 = Release|iPhone
		{669195D3-FE2A-44BC-820C-0F618A06AB55}.Release|iPhoneSimulator.ActiveCfg = Release|iPhoneSimulator
		{669195D3-FE2A-44BC-820C-0F618A06AB55}.Release|iPhoneSimulator.Build.0 = Release|iPhoneSimulator
		{669195D3-FE2A-44BC-820C-0F618A06AB55}.Release|iPhoneSimulator.Deploy.0 = Release|iPhoneSimulator
		{5E122812-A80B-47A9-B1BC-79BB39E17238}.Ad-Hoc|Any CPU.ActiveCfg = Debug|Any CPU
		{5E122812-A80B-47A9-B1BC-79BB39E17238}.Ad-Hoc|Any CPU.Build.0 = Debug|Any CPU
		{5E122812-A80B-47A9-B1BC-79BB39E17238}.Ad-Hoc|Any CPU.Deploy.0 = Debug|Any CPU
		{5E122812-A80B-47A9-B1BC-79BB39E17238}.Ad-Hoc|iPhone.ActiveCfg = Debug|Any CPU
		{5E122812-A80B-47A9-B1BC-79BB39E17238}.Ad-Hoc|iPhone.Build.0 = Debug|Any CPU
		{5E122812-A80B-47A9-B1BC-79BB39E17238}.Ad-Hoc|iPhone.Deploy.0 = Debug|Any CPU
		{5E122812-A80B-47A9-B1BC-79BB39E17238}.Ad-Hoc|iPhoneSimulator.ActiveCfg = Debug|Any CPU
		{5E122812-A80B-47A9-B1BC-79BB39E17238}.Ad-Hoc|iPhoneSimulator.Build.0 = Debug|Any CPU
		{5E122812-A80B-47A9-B1BC-79BB39E17238}.Ad-Hoc|iPhoneSimulator.Deploy.0 = Debug|Any CPU
		{5E122812-A80B-47A9-B1BC-79BB39E17238}.AppStore|Any CPU.ActiveCfg = Debug|Any CPU
		{5E122812-A80B-47A9-B1BC-79BB39E17238}.AppStore|Any CPU.Build.0 = Debug|Any CPU
		{5E122812-A80B-47A9-B1BC-79BB39E17238}.AppStore|Any CPU.Deploy.0 = Debug|Any CPU
		{5E122812-A80B-47A9-B1BC-79BB39E17238}.AppStore|iPhone.ActiveCfg = Debug|Any CPU
		{5E122812-A80B-47A9-B1BC-79BB39E17238}.AppStore|iPhone.Build.0 = Debug|Any CPU
		{5E122812-A80B-47A9-B1BC-79BB39E17238}.AppStore|iPhone.Deploy.0 = Debug|Any CPU
		{5E122812-A80B-47A9-B1BC-79BB39E17238}.AppStore|iPhoneSimulator.ActiveCfg = Debug|Any CPU
		{5E122812-A80B-47A9-B1BC-79BB39E17238}.AppStore|iPhoneSimulator.Build.0 = Debug|Any CPU
		{5E122812-A80B-47A9-B1BC-79BB39E17238}.AppStore|iPhoneSimulator.Deploy.0 = Debug|Any CPU
		{5E122812-A80B-47A9-B1BC-79BB39E17238}.Debug|Any CPU.ActiveCfg = Debug|Any CPU
		{5E122812-A80B-47A9-B1BC-79BB39E17238}.Debug|Any CPU.Build.0 = Debug|Any CPU
		{5E122812-A80B-47A9-B1BC-79BB39E17238}.Debug|Any CPU.Deploy.0 = Debug|Any CPU
		{5E122812-A80B-47A9-B1BC-79BB39E17238}.Debug|iPhone.ActiveCfg = Debug|Any CPU
		{5E122812-A80B-47A9-B1BC-79BB39E17238}.Debug|iPhone.Build.0 = Debug|Any CPU
		{5E122812-A80B-47A9-B1BC-79BB39E17238}.Debug|iPhone.Deploy.0 = Debug|Any CPU
		{5E122812-A80B-47A9-B1BC-79BB39E17238}.Debug|iPhoneSimulator.ActiveCfg = Debug|Any CPU
		{5E122812-A80B-47A9-B1BC-79BB39E17238}.Debug|iPhoneSimulator.Build.0 = Debug|Any CPU
		{5E122812-A80B-47A9-B1BC-79BB39E17238}.Debug|iPhoneSimulator.Deploy.0 = Debug|Any CPU
		{5E122812-A80B-47A9-B1BC-79BB39E17238}.Release|Any CPU.ActiveCfg = Release|Any CPU
		{5E122812-A80B-47A9-B1BC-79BB39E17238}.Release|Any CPU.Build.0 = Release|Any CPU
		{5E122812-A80B-47A9-B1BC-79BB39E17238}.Release|Any CPU.Deploy.0 = Release|Any CPU
		{5E122812-A80B-47A9-B1BC-79BB39E17238}.Release|iPhone.ActiveCfg = Release|Any CPU
		{5E122812-A80B-47A9-B1BC-79BB39E17238}.Release|iPhone.Build.0 = Release|Any CPU
		{5E122812-A80B-47A9-B1BC-79BB39E17238}.Release|iPhone.Deploy.0 = Release|Any CPU
		{5E122812-A80B-47A9-B1BC-79BB39E17238}.Release|iPhoneSimulator.ActiveCfg = Release|Any CPU
		{5E122812-A80B-47A9-B1BC-79BB39E17238}.Release|iPhoneSimulator.Build.0 = Release|Any CPU
		{5E122812-A80B-47A9-B1BC-79BB39E17238}.Release|iPhoneSimulator.Deploy.0 = Release|Any CPU
		{9C9FD711-29FB-4F65-A151-A294F94C887E}.Ad-Hoc|Any CPU.ActiveCfg = Debug|Any CPU
		{9C9FD711-29FB-4F65-A151-A294F94C887E}.Ad-Hoc|Any CPU.Build.0 = Debug|Any CPU
		{9C9FD711-29FB-4F65-A151-A294F94C887E}.Ad-Hoc|iPhone.ActiveCfg = Debug|Any CPU
		{9C9FD711-29FB-4F65-A151-A294F94C887E}.Ad-Hoc|iPhone.Build.0 = Debug|Any CPU
		{9C9FD711-29FB-4F65-A151-A294F94C887E}.Ad-Hoc|iPhoneSimulator.ActiveCfg = Debug|Any CPU
		{9C9FD711-29FB-4F65-A151-A294F94C887E}.Ad-Hoc|iPhoneSimulator.Build.0 = Debug|Any CPU
		{9C9FD711-29FB-4F65-A151-A294F94C887E}.AppStore|Any CPU.ActiveCfg = Debug|Any CPU
		{9C9FD711-29FB-4F65-A151-A294F94C887E}.AppStore|Any CPU.Build.0 = Debug|Any CPU
		{9C9FD711-29FB-4F65-A151-A294F94C887E}.AppStore|iPhone.ActiveCfg = Debug|Any CPU
		{9C9FD711-29FB-4F65-A151-A294F94C887E}.AppStore|iPhone.Build.0 = Debug|Any CPU
		{9C9FD711-29FB-4F65-A151-A294F94C887E}.AppStore|iPhoneSimulator.ActiveCfg = Debug|Any CPU
		{9C9FD711-29FB-4F65-A151-A294F94C887E}.AppStore|iPhoneSimulator.Build.0 = Debug|Any CPU
		{9C9FD711-29FB-4F65-A151-A294F94C887E}.Debug|Any CPU.ActiveCfg = Debug|Any CPU
		{9C9FD711-29FB-4F65-A151-A294F94C887E}.Debug|Any CPU.Build.0 = Debug|Any CPU
		{9C9FD711-29FB-4F65-A151-A294F94C887E}.Debug|iPhone.ActiveCfg = Debug|Any CPU
		{9C9FD711-29FB-4F65-A151-A294F94C887E}.Debug|iPhone.Build.0 = Debug|Any CPU
		{9C9FD711-29FB-4F65-A151-A294F94C887E}.Debug|iPhoneSimulator.ActiveCfg = Debug|Any CPU
		{9C9FD711-29FB-4F65-A151-A294F94C887E}.Debug|iPhoneSimulator.Build.0 = Debug|Any CPU
		{9C9FD711-29FB-4F65-A151-A294F94C887E}.Release|Any CPU.ActiveCfg = Release|Any CPU
		{9C9FD711-29FB-4F65-A151-A294F94C887E}.Release|Any CPU.Build.0 = Release|Any CPU
		{9C9FD711-29FB-4F65-A151-A294F94C887E}.Release|iPhone.ActiveCfg = Release|Any CPU
		{9C9FD711-29FB-4F65-A151-A294F94C887E}.Release|iPhone.Build.0 = Release|Any CPU
		{9C9FD711-29FB-4F65-A151-A294F94C887E}.Release|iPhoneSimulator.ActiveCfg = Release|Any CPU
		{9C9FD711-29FB-4F65-A151-A294F94C887E}.Release|iPhoneSimulator.Build.0 = Release|Any CPU
		{9E2853DA-F510-424F-B97D-60BEBD219945}.Ad-Hoc|Any CPU.ActiveCfg = Debug|Any CPU
		{9E2853DA-F510-424F-B97D-60BEBD219945}.Ad-Hoc|Any CPU.Build.0 = Debug|Any CPU
		{9E2853DA-F510-424F-B97D-60BEBD219945}.Ad-Hoc|iPhone.ActiveCfg = Debug|Any CPU
		{9E2853DA-F510-424F-B97D-60BEBD219945}.Ad-Hoc|iPhone.Build.0 = Debug|Any CPU
		{9E2853DA-F510-424F-B97D-60BEBD219945}.Ad-Hoc|iPhoneSimulator.ActiveCfg = Debug|Any CPU
		{9E2853DA-F510-424F-B97D-60BEBD219945}.Ad-Hoc|iPhoneSimulator.Build.0 = Debug|Any CPU
		{9E2853DA-F510-424F-B97D-60BEBD219945}.AppStore|Any CPU.ActiveCfg = Debug|Any CPU
		{9E2853DA-F510-424F-B97D-60BEBD219945}.AppStore|Any CPU.Build.0 = Debug|Any CPU
		{9E2853DA-F510-424F-B97D-60BEBD219945}.AppStore|iPhone.ActiveCfg = Debug|Any CPU
		{9E2853DA-F510-424F-B97D-60BEBD219945}.AppStore|iPhone.Build.0 = Debug|Any CPU
		{9E2853DA-F510-424F-B97D-60BEBD219945}.AppStore|iPhoneSimulator.ActiveCfg = Debug|Any CPU
		{9E2853DA-F510-424F-B97D-60BEBD219945}.AppStore|iPhoneSimulator.Build.0 = Debug|Any CPU
		{9E2853DA-F510-424F-B97D-60BEBD219945}.Debug|Any CPU.ActiveCfg = Debug|Any CPU
		{9E2853DA-F510-424F-B97D-60BEBD219945}.Debug|Any CPU.Build.0 = Debug|Any CPU
		{9E2853DA-F510-424F-B97D-60BEBD219945}.Debug|iPhone.ActiveCfg = Debug|Any CPU
		{9E2853DA-F510-424F-B97D-60BEBD219945}.Debug|iPhone.Build.0 = Debug|Any CPU
		{9E2853DA-F510-424F-B97D-60BEBD219945}.Debug|iPhoneSimulator.ActiveCfg = Debug|Any CPU
		{9E2853DA-F510-424F-B97D-60BEBD219945}.Debug|iPhoneSimulator.Build.0 = Debug|Any CPU
		{9E2853DA-F510-424F-B97D-60BEBD219945}.Release|Any CPU.ActiveCfg = Release|Any CPU
		{9E2853DA-F510-424F-B97D-60BEBD219945}.Release|Any CPU.Build.0 = Release|Any CPU
		{9E2853DA-F510-424F-B97D-60BEBD219945}.Release|iPhone.ActiveCfg = Release|Any CPU
		{9E2853DA-F510-424F-B97D-60BEBD219945}.Release|iPhone.Build.0 = Release|Any CPU
		{9E2853DA-F510-424F-B97D-60BEBD219945}.Release|iPhoneSimulator.ActiveCfg = Release|Any CPU
		{9E2853DA-F510-424F-B97D-60BEBD219945}.Release|iPhoneSimulator.Build.0 = Release|Any CPU
		{B98ACCCE-23AA-476B-B435-77C2B9D551AB}.Ad-Hoc|Any CPU.ActiveCfg = Release|Any CPU
		{B98ACCCE-23AA-476B-B435-77C2B9D551AB}.Ad-Hoc|Any CPU.Build.0 = Release|Any CPU
		{B98ACCCE-23AA-476B-B435-77C2B9D551AB}.Ad-Hoc|Any CPU.Deploy.0 = Release|Any CPU
		{B98ACCCE-23AA-476B-B435-77C2B9D551AB}.Ad-Hoc|iPhone.ActiveCfg = Release|Any CPU
		{B98ACCCE-23AA-476B-B435-77C2B9D551AB}.Ad-Hoc|iPhone.Build.0 = Release|Any CPU
		{B98ACCCE-23AA-476B-B435-77C2B9D551AB}.Ad-Hoc|iPhone.Deploy.0 = Release|Any CPU
		{B98ACCCE-23AA-476B-B435-77C2B9D551AB}.Ad-Hoc|iPhoneSimulator.ActiveCfg = Release|Any CPU
		{B98ACCCE-23AA-476B-B435-77C2B9D551AB}.Ad-Hoc|iPhoneSimulator.Build.0 = Release|Any CPU
		{B98ACCCE-23AA-476B-B435-77C2B9D551AB}.Ad-Hoc|iPhoneSimulator.Deploy.0 = Release|Any CPU
		{B98ACCCE-23AA-476B-B435-77C2B9D551AB}.AppStore|Any CPU.ActiveCfg = Release|Any CPU
		{B98ACCCE-23AA-476B-B435-77C2B9D551AB}.AppStore|Any CPU.Build.0 = Release|Any CPU
		{B98ACCCE-23AA-476B-B435-77C2B9D551AB}.AppStore|Any CPU.Deploy.0 = Release|Any CPU
		{B98ACCCE-23AA-476B-B435-77C2B9D551AB}.AppStore|iPhone.ActiveCfg = Release|Any CPU
		{B98ACCCE-23AA-476B-B435-77C2B9D551AB}.AppStore|iPhone.Build.0 = Release|Any CPU
		{B98ACCCE-23AA-476B-B435-77C2B9D551AB}.AppStore|iPhone.Deploy.0 = Release|Any CPU
		{B98ACCCE-23AA-476B-B435-77C2B9D551AB}.AppStore|iPhoneSimulator.ActiveCfg = Release|Any CPU
		{B98ACCCE-23AA-476B-B435-77C2B9D551AB}.AppStore|iPhoneSimulator.Build.0 = Release|Any CPU
		{B98ACCCE-23AA-476B-B435-77C2B9D551AB}.AppStore|iPhoneSimulator.Deploy.0 = Release|Any CPU
		{B98ACCCE-23AA-476B-B435-77C2B9D551AB}.Debug|Any CPU.ActiveCfg = Debug|Any CPU
		{B98ACCCE-23AA-476B-B435-77C2B9D551AB}.Debug|Any CPU.Build.0 = Debug|Any CPU
		{B98ACCCE-23AA-476B-B435-77C2B9D551AB}.Debug|Any CPU.Deploy.0 = Debug|Any CPU
		{B98ACCCE-23AA-476B-B435-77C2B9D551AB}.Debug|iPhone.ActiveCfg = Debug|Any CPU
		{B98ACCCE-23AA-476B-B435-77C2B9D551AB}.Debug|iPhone.Build.0 = Debug|Any CPU
		{B98ACCCE-23AA-476B-B435-77C2B9D551AB}.Debug|iPhone.Deploy.0 = Debug|Any CPU
		{B98ACCCE-23AA-476B-B435-77C2B9D551AB}.Debug|iPhoneSimulator.ActiveCfg = Debug|Any CPU
		{B98ACCCE-23AA-476B-B435-77C2B9D551AB}.Debug|iPhoneSimulator.Build.0 = Debug|Any CPU
		{B98ACCCE-23AA-476B-B435-77C2B9D551AB}.Debug|iPhoneSimulator.Deploy.0 = Debug|Any CPU
		{B98ACCCE-23AA-476B-B435-77C2B9D551AB}.Release|Any CPU.ActiveCfg = Release|Any CPU
		{B98ACCCE-23AA-476B-B435-77C2B9D551AB}.Release|Any CPU.Build.0 = Release|Any CPU
		{B98ACCCE-23AA-476B-B435-77C2B9D551AB}.Release|Any CPU.Deploy.0 = Release|Any CPU
		{B98ACCCE-23AA-476B-B435-77C2B9D551AB}.Release|iPhone.ActiveCfg = Release|Any CPU
		{B98ACCCE-23AA-476B-B435-77C2B9D551AB}.Release|iPhone.Build.0 = Release|Any CPU
		{B98ACCCE-23AA-476B-B435-77C2B9D551AB}.Release|iPhone.Deploy.0 = Release|Any CPU
		{B98ACCCE-23AA-476B-B435-77C2B9D551AB}.Release|iPhoneSimulator.ActiveCfg = Release|Any CPU
		{B98ACCCE-23AA-476B-B435-77C2B9D551AB}.Release|iPhoneSimulator.Build.0 = Release|Any CPU
		{B98ACCCE-23AA-476B-B435-77C2B9D551AB}.Release|iPhoneSimulator.Deploy.0 = Release|Any CPU
		{D7BED1F7-B80C-42A6-AB26-D5F9EA201290}.Ad-Hoc|Any CPU.ActiveCfg = Debug|Any CPU
		{D7BED1F7-B80C-42A6-AB26-D5F9EA201290}.Ad-Hoc|Any CPU.Build.0 = Debug|Any CPU
		{D7BED1F7-B80C-42A6-AB26-D5F9EA201290}.Ad-Hoc|iPhone.ActiveCfg = Debug|Any CPU
		{D7BED1F7-B80C-42A6-AB26-D5F9EA201290}.Ad-Hoc|iPhone.Build.0 = Debug|Any CPU
		{D7BED1F7-B80C-42A6-AB26-D5F9EA201290}.Ad-Hoc|iPhoneSimulator.ActiveCfg = Debug|Any CPU
		{D7BED1F7-B80C-42A6-AB26-D5F9EA201290}.Ad-Hoc|iPhoneSimulator.Build.0 = Debug|Any CPU
		{D7BED1F7-B80C-42A6-AB26-D5F9EA201290}.AppStore|Any CPU.ActiveCfg = Debug|Any CPU
		{D7BED1F7-B80C-42A6-AB26-D5F9EA201290}.AppStore|Any CPU.Build.0 = Debug|Any CPU
		{D7BED1F7-B80C-42A6-AB26-D5F9EA201290}.AppStore|iPhone.ActiveCfg = Debug|Any CPU
		{D7BED1F7-B80C-42A6-AB26-D5F9EA201290}.AppStore|iPhone.Build.0 = Debug|Any CPU
		{D7BED1F7-B80C-42A6-AB26-D5F9EA201290}.AppStore|iPhoneSimulator.ActiveCfg = Debug|Any CPU
		{D7BED1F7-B80C-42A6-AB26-D5F9EA201290}.AppStore|iPhoneSimulator.Build.0 = Debug|Any CPU
		{D7BED1F7-B80C-42A6-AB26-D5F9EA201290}.Debug|Any CPU.ActiveCfg = Debug|Any CPU
		{D7BED1F7-B80C-42A6-AB26-D5F9EA201290}.Debug|Any CPU.Build.0 = Debug|Any CPU
		{D7BED1F7-B80C-42A6-AB26-D5F9EA201290}.Debug|iPhone.ActiveCfg = Debug|Any CPU
		{D7BED1F7-B80C-42A6-AB26-D5F9EA201290}.Debug|iPhone.Build.0 = Debug|Any CPU
		{D7BED1F7-B80C-42A6-AB26-D5F9EA201290}.Debug|iPhoneSimulator.ActiveCfg = Debug|Any CPU
		{D7BED1F7-B80C-42A6-AB26-D5F9EA201290}.Debug|iPhoneSimulator.Build.0 = Debug|Any CPU
		{D7BED1F7-B80C-42A6-AB26-D5F9EA201290}.Release|Any CPU.ActiveCfg = Release|Any CPU
		{D7BED1F7-B80C-42A6-AB26-D5F9EA201290}.Release|Any CPU.Build.0 = Release|Any CPU
		{D7BED1F7-B80C-42A6-AB26-D5F9EA201290}.Release|iPhone.ActiveCfg = Release|Any CPU
		{D7BED1F7-B80C-42A6-AB26-D5F9EA201290}.Release|iPhone.Build.0 = Release|Any CPU
		{D7BED1F7-B80C-42A6-AB26-D5F9EA201290}.Release|iPhoneSimulator.ActiveCfg = Release|Any CPU
		{D7BED1F7-B80C-42A6-AB26-D5F9EA201290}.Release|iPhoneSimulator.Build.0 = Release|Any CPU
		{1B023FFF-45A1-4BF7-AC21-C2407C05E42A}.Ad-Hoc|Any CPU.ActiveCfg = Release|Any CPU
		{1B023FFF-45A1-4BF7-AC21-C2407C05E42A}.Ad-Hoc|Any CPU.Build.0 = Release|Any CPU
		{1B023FFF-45A1-4BF7-AC21-C2407C05E42A}.Ad-Hoc|iPhone.ActiveCfg = Release|Any CPU
		{1B023FFF-45A1-4BF7-AC21-C2407C05E42A}.Ad-Hoc|iPhone.Build.0 = Release|Any CPU
		{1B023FFF-45A1-4BF7-AC21-C2407C05E42A}.Ad-Hoc|iPhoneSimulator.ActiveCfg = Release|Any CPU
		{1B023FFF-45A1-4BF7-AC21-C2407C05E42A}.Ad-Hoc|iPhoneSimulator.Build.0 = Release|Any CPU
		{1B023FFF-45A1-4BF7-AC21-C2407C05E42A}.AppStore|Any CPU.ActiveCfg = Release|Any CPU
		{1B023FFF-45A1-4BF7-AC21-C2407C05E42A}.AppStore|Any CPU.Build.0 = Release|Any CPU
		{1B023FFF-45A1-4BF7-AC21-C2407C05E42A}.AppStore|iPhone.ActiveCfg = Release|Any CPU
		{1B023FFF-45A1-4BF7-AC21-C2407C05E42A}.AppStore|iPhone.Build.0 = Release|Any CPU
		{1B023FFF-45A1-4BF7-AC21-C2407C05E42A}.AppStore|iPhoneSimulator.ActiveCfg = Release|Any CPU
		{1B023FFF-45A1-4BF7-AC21-C2407C05E42A}.AppStore|iPhoneSimulator.Build.0 = Release|Any CPU
		{1B023FFF-45A1-4BF7-AC21-C2407C05E42A}.Debug|Any CPU.ActiveCfg = Debug|Any CPU
		{1B023FFF-45A1-4BF7-AC21-C2407C05E42A}.Debug|Any CPU.Build.0 = Debug|Any CPU
		{1B023FFF-45A1-4BF7-AC21-C2407C05E42A}.Debug|iPhone.ActiveCfg = Debug|Any CPU
		{1B023FFF-45A1-4BF7-AC21-C2407C05E42A}.Debug|iPhone.Build.0 = Debug|Any CPU
		{1B023FFF-45A1-4BF7-AC21-C2407C05E42A}.Debug|iPhoneSimulator.ActiveCfg = Debug|Any CPU
		{1B023FFF-45A1-4BF7-AC21-C2407C05E42A}.Debug|iPhoneSimulator.Build.0 = Debug|Any CPU
		{1B023FFF-45A1-4BF7-AC21-C2407C05E42A}.Release|Any CPU.ActiveCfg = Release|Any CPU
		{1B023FFF-45A1-4BF7-AC21-C2407C05E42A}.Release|Any CPU.Build.0 = Release|Any CPU
		{1B023FFF-45A1-4BF7-AC21-C2407C05E42A}.Release|iPhone.ActiveCfg = Release|Any CPU
		{1B023FFF-45A1-4BF7-AC21-C2407C05E42A}.Release|iPhone.Build.0 = Release|Any CPU
		{1B023FFF-45A1-4BF7-AC21-C2407C05E42A}.Release|iPhoneSimulator.ActiveCfg = Release|Any CPU
		{1B023FFF-45A1-4BF7-AC21-C2407C05E42A}.Release|iPhoneSimulator.Build.0 = Release|Any CPU
		{C87A1A8E-D127-47C3-8FE7-6B22A97DA1A1}.Ad-Hoc|Any CPU.ActiveCfg = Ad-Hoc|iPhone
		{C87A1A8E-D127-47C3-8FE7-6B22A97DA1A1}.Ad-Hoc|iPhone.ActiveCfg = Ad-Hoc|iPhone
		{C87A1A8E-D127-47C3-8FE7-6B22A97DA1A1}.Ad-Hoc|iPhone.Build.0 = Ad-Hoc|iPhone
		{C87A1A8E-D127-47C3-8FE7-6B22A97DA1A1}.Ad-Hoc|iPhoneSimulator.ActiveCfg = Ad-Hoc|iPhoneSimulator
		{C87A1A8E-D127-47C3-8FE7-6B22A97DA1A1}.Ad-Hoc|iPhoneSimulator.Build.0 = Ad-Hoc|iPhoneSimulator
		{C87A1A8E-D127-47C3-8FE7-6B22A97DA1A1}.AppStore|Any CPU.ActiveCfg = AppStore|iPhone
		{C87A1A8E-D127-47C3-8FE7-6B22A97DA1A1}.AppStore|iPhone.ActiveCfg = AppStore|iPhone
		{C87A1A8E-D127-47C3-8FE7-6B22A97DA1A1}.AppStore|iPhone.Build.0 = AppStore|iPhone
		{C87A1A8E-D127-47C3-8FE7-6B22A97DA1A1}.AppStore|iPhoneSimulator.ActiveCfg = AppStore|iPhoneSimulator
		{C87A1A8E-D127-47C3-8FE7-6B22A97DA1A1}.AppStore|iPhoneSimulator.Build.0 = AppStore|iPhoneSimulator
		{C87A1A8E-D127-47C3-8FE7-6B22A97DA1A1}.Debug|Any CPU.ActiveCfg = Debug|iPhone
		{C87A1A8E-D127-47C3-8FE7-6B22A97DA1A1}.Debug|iPhone.ActiveCfg = Debug|iPhone
		{C87A1A8E-D127-47C3-8FE7-6B22A97DA1A1}.Debug|iPhone.Build.0 = Debug|iPhone
		{C87A1A8E-D127-47C3-8FE7-6B22A97DA1A1}.Debug|iPhoneSimulator.ActiveCfg = Debug|iPhoneSimulator
		{C87A1A8E-D127-47C3-8FE7-6B22A97DA1A1}.Debug|iPhoneSimulator.Build.0 = Debug|iPhoneSimulator
		{C87A1A8E-D127-47C3-8FE7-6B22A97DA1A1}.Release|Any CPU.ActiveCfg = Release|iPhone
		{C87A1A8E-D127-47C3-8FE7-6B22A97DA1A1}.Release|iPhone.ActiveCfg = Release|iPhone
		{C87A1A8E-D127-47C3-8FE7-6B22A97DA1A1}.Release|iPhone.Build.0 = Release|iPhone
		{C87A1A8E-D127-47C3-8FE7-6B22A97DA1A1}.Release|iPhoneSimulator.ActiveCfg = Release|iPhoneSimulator
		{C87A1A8E-D127-47C3-8FE7-6B22A97DA1A1}.Release|iPhoneSimulator.Build.0 = Release|iPhoneSimulator
		{3084BAAF-D7B8-43C7-AEA9-63C60691EA78}.Ad-Hoc|Any CPU.ActiveCfg = Debug|Any CPU
		{3084BAAF-D7B8-43C7-AEA9-63C60691EA78}.Ad-Hoc|Any CPU.Build.0 = Debug|Any CPU
		{3084BAAF-D7B8-43C7-AEA9-63C60691EA78}.Ad-Hoc|iPhone.ActiveCfg = Debug|Any CPU
		{3084BAAF-D7B8-43C7-AEA9-63C60691EA78}.Ad-Hoc|iPhone.Build.0 = Debug|Any CPU
		{3084BAAF-D7B8-43C7-AEA9-63C60691EA78}.Ad-Hoc|iPhoneSimulator.ActiveCfg = Debug|Any CPU
		{3084BAAF-D7B8-43C7-AEA9-63C60691EA78}.Ad-Hoc|iPhoneSimulator.Build.0 = Debug|Any CPU
		{3084BAAF-D7B8-43C7-AEA9-63C60691EA78}.AppStore|Any CPU.ActiveCfg = Debug|Any CPU
		{3084BAAF-D7B8-43C7-AEA9-63C60691EA78}.AppStore|Any CPU.Build.0 = Debug|Any CPU
		{3084BAAF-D7B8-43C7-AEA9-63C60691EA78}.AppStore|iPhone.ActiveCfg = Debug|Any CPU
		{3084BAAF-D7B8-43C7-AEA9-63C60691EA78}.AppStore|iPhone.Build.0 = Debug|Any CPU
		{3084BAAF-D7B8-43C7-AEA9-63C60691EA78}.AppStore|iPhoneSimulator.ActiveCfg = Debug|Any CPU
		{3084BAAF-D7B8-43C7-AEA9-63C60691EA78}.AppStore|iPhoneSimulator.Build.0 = Debug|Any CPU
		{3084BAAF-D7B8-43C7-AEA9-63C60691EA78}.Debug|Any CPU.ActiveCfg = Debug|Any CPU
		{3084BAAF-D7B8-43C7-AEA9-63C60691EA78}.Debug|Any CPU.Build.0 = Debug|Any CPU
		{3084BAAF-D7B8-43C7-AEA9-63C60691EA78}.Debug|iPhone.ActiveCfg = Debug|Any CPU
		{3084BAAF-D7B8-43C7-AEA9-63C60691EA78}.Debug|iPhone.Build.0 = Debug|Any CPU
		{3084BAAF-D7B8-43C7-AEA9-63C60691EA78}.Debug|iPhoneSimulator.ActiveCfg = Debug|Any CPU
		{3084BAAF-D7B8-43C7-AEA9-63C60691EA78}.Debug|iPhoneSimulator.Build.0 = Debug|Any CPU
		{3084BAAF-D7B8-43C7-AEA9-63C60691EA78}.Release|Any CPU.ActiveCfg = Release|Any CPU
		{3084BAAF-D7B8-43C7-AEA9-63C60691EA78}.Release|Any CPU.Build.0 = Release|Any CPU
		{3084BAAF-D7B8-43C7-AEA9-63C60691EA78}.Release|iPhone.ActiveCfg = Release|Any CPU
		{3084BAAF-D7B8-43C7-AEA9-63C60691EA78}.Release|iPhone.Build.0 = Release|Any CPU
		{3084BAAF-D7B8-43C7-AEA9-63C60691EA78}.Release|iPhoneSimulator.ActiveCfg = Release|Any CPU
		{3084BAAF-D7B8-43C7-AEA9-63C60691EA78}.Release|iPhoneSimulator.Build.0 = Release|Any CPU
		{E71F3053-056C-4381-9638-048ED73BDFF6}.Ad-Hoc|Any CPU.ActiveCfg = Release|Any CPU
		{E71F3053-056C-4381-9638-048ED73BDFF6}.Ad-Hoc|Any CPU.Build.0 = Release|Any CPU
		{E71F3053-056C-4381-9638-048ED73BDFF6}.Ad-Hoc|iPhone.ActiveCfg = Release|Any CPU
		{E71F3053-056C-4381-9638-048ED73BDFF6}.Ad-Hoc|iPhone.Build.0 = Release|Any CPU
		{E71F3053-056C-4381-9638-048ED73BDFF6}.Ad-Hoc|iPhoneSimulator.ActiveCfg = Release|Any CPU
		{E71F3053-056C-4381-9638-048ED73BDFF6}.Ad-Hoc|iPhoneSimulator.Build.0 = Release|Any CPU
		{E71F3053-056C-4381-9638-048ED73BDFF6}.AppStore|Any CPU.ActiveCfg = Release|Any CPU
		{E71F3053-056C-4381-9638-048ED73BDFF6}.AppStore|Any CPU.Build.0 = Release|Any CPU
		{E71F3053-056C-4381-9638-048ED73BDFF6}.AppStore|iPhone.ActiveCfg = Release|Any CPU
		{E71F3053-056C-4381-9638-048ED73BDFF6}.AppStore|iPhone.Build.0 = Release|Any CPU
		{E71F3053-056C-4381-9638-048ED73BDFF6}.AppStore|iPhoneSimulator.ActiveCfg = Release|Any CPU
		{E71F3053-056C-4381-9638-048ED73BDFF6}.AppStore|iPhoneSimulator.Build.0 = Release|Any CPU
		{E71F3053-056C-4381-9638-048ED73BDFF6}.Debug|Any CPU.ActiveCfg = Debug|Any CPU
		{E71F3053-056C-4381-9638-048ED73BDFF6}.Debug|Any CPU.Build.0 = Debug|Any CPU
		{E71F3053-056C-4381-9638-048ED73BDFF6}.Debug|iPhone.ActiveCfg = Debug|Any CPU
		{E71F3053-056C-4381-9638-048ED73BDFF6}.Debug|iPhone.Build.0 = Debug|Any CPU
		{E71F3053-056C-4381-9638-048ED73BDFF6}.Debug|iPhoneSimulator.ActiveCfg = Debug|Any CPU
		{E71F3053-056C-4381-9638-048ED73BDFF6}.Debug|iPhoneSimulator.Build.0 = Debug|Any CPU
		{E71F3053-056C-4381-9638-048ED73BDFF6}.Release|Any CPU.ActiveCfg = Release|Any CPU
		{E71F3053-056C-4381-9638-048ED73BDFF6}.Release|Any CPU.Build.0 = Release|Any CPU
		{E71F3053-056C-4381-9638-048ED73BDFF6}.Release|iPhone.ActiveCfg = Release|Any CPU
		{E71F3053-056C-4381-9638-048ED73BDFF6}.Release|iPhone.Build.0 = Release|Any CPU
		{E71F3053-056C-4381-9638-048ED73BDFF6}.Release|iPhoneSimulator.ActiveCfg = Release|Any CPU
		{E71F3053-056C-4381-9638-048ED73BDFF6}.Release|iPhoneSimulator.Build.0 = Release|Any CPU
	EndGlobalSection
	GlobalSection(SolutionProperties) = preSolution
		HideSolutionNode = FALSE
	EndGlobalSection
	GlobalSection(NestedProjects) = preSolution
		{066A71F3-FD1B-4AF9-8758-3FA796B5E829} = {15EA34C3-9C85-4FBD-A7EE-962B1A017963}
		{669195D3-FE2A-44BC-820C-0F618A06AB55} = {15EA34C3-9C85-4FBD-A7EE-962B1A017963}
		{5E122812-A80B-47A9-B1BC-79BB39E17238} = {15EA34C3-9C85-4FBD-A7EE-962B1A017963}
		{9C9FD711-29FB-4F65-A151-A294F94C887E} = {C27369E7-3C1B-417E-A6CE-5F98346B922E}
		{9E2853DA-F510-424F-B97D-60BEBD219945} = {C27369E7-3C1B-417E-A6CE-5F98346B922E}
		{10A9C4B8-E98D-4B7A-AAB4-E30A41742770} = {73DE1071-751A-4FF1-803B-BB75A8E73BBE}
		{3F3425C6-2313-4070-84D2-663FD1B779BE} = {10A9C4B8-E98D-4B7A-AAB4-E30A41742770}
		{B98ACCCE-23AA-476B-B435-77C2B9D551AB} = {3F3425C6-2313-4070-84D2-663FD1B779BE}
		{D7BED1F7-B80C-42A6-AB26-D5F9EA201290} = {10A9C4B8-E98D-4B7A-AAB4-E30A41742770}
		{1B023FFF-45A1-4BF7-AC21-C2407C05E42A} = {10A9C4B8-E98D-4B7A-AAB4-E30A41742770}
		{C87A1A8E-D127-47C3-8FE7-6B22A97DA1A1} = {3F3425C6-2313-4070-84D2-663FD1B779BE}
		{3084BAAF-D7B8-43C7-AEA9-63C60691EA78} = {3F3425C6-2313-4070-84D2-663FD1B779BE}
		{E71F3053-056C-4381-9638-048ED73BDFF6} = {10A9C4B8-E98D-4B7A-AAB4-E30A41742770}
	EndGlobalSection
	GlobalSection(ExtensibilityGlobals) = postSolution
		SolutionGuid = {1D83E701-93A8-4BC0-A559-0B3221B8BAB2}
	EndGlobalSection
EndGlobal
